# This file is generated by running "yarn install" inside your project.
# Manual changes might be lost - proceed with caution!

__metadata:
  version: 6
  cacheKey: 8

"@peculiar/asn1-schema@npm:^2.1.6, @peculiar/asn1-schema@npm:^2.3.0":
  version: 2.3.3
  resolution: "@peculiar/asn1-schema@npm:2.3.3"
  dependencies:
    asn1js: ^3.0.5
    pvtsutils: ^1.3.2
    tslib: ^2.4.0
  checksum: 2b1902543ec65d677c709f05a6a845b033490444dd7c9cbfba22290a26623c55f53a13995f8401cdb67e36b8182d55ca9278d50dd3f2d9ae757fbd9ddadab927
  languageName: node
  linkType: hard

"@peculiar/json-schema@npm:^1.1.12":
  version: 1.1.12
  resolution: "@peculiar/json-schema@npm:1.1.12"
  dependencies:
    tslib: ^2.0.0
  checksum: b26ececdc23c5ef25837f8be8d1eb5e1c8bb6e9ae7227ac59ffea57fff56bd05137734e7685e9100595d3d88d906dff638ef8d1df54264c388d3eac1b05aa060
  languageName: node
  linkType: hard

"@peculiar/webcrypto@npm:^1.4.0":
  version: 1.4.1
  resolution: "@peculiar/webcrypto@npm:1.4.1"
  dependencies:
    "@peculiar/asn1-schema": ^2.3.0
    "@peculiar/json-schema": ^1.1.12
    pvtsutils: ^1.3.2
    tslib: ^2.4.1
    webcrypto-core: ^1.7.4
  checksum: cfcd49f6bd199016de83445f1786b17c49d02aee74b400e7e03ba3bc3707457bdebd23bbaba0e2ff3becdcd769d71b79ec64ae35e0acb80b4ab3ed6326ab111c
  languageName: node
  linkType: hard

"@types/accepts@npm:*":
  version: 1.3.5
  resolution: "@types/accepts@npm:1.3.5"
  dependencies:
    "@types/node": "*"
  checksum: 590b7580570534a640510c071e09074cf63b5958b237a728f94322567350aea4d239f8a9d897a12b15c856b992ee4d7907e9812bb079886af2c00714e7fb3f60
  languageName: node
  linkType: hard

"@types/bad-words@npm:^3.0.1":
  version: 3.0.1
  resolution: "@types/bad-words@npm:3.0.1"
  checksum: c700fadd2bafef153812137220466ca3148425228915ddb6e7e80bc339fa983d2ddef098cacf00196fbd7467181ae5b9747d8fd383fc5ed17f8bf5e62e89d425
  languageName: node
  linkType: hard

"@types/body-parser@npm:*":
  version: 1.19.2
  resolution: "@types/body-parser@npm:1.19.2"
  dependencies:
    "@types/connect": "*"
    "@types/node": "*"
  checksum: e17840c7d747a549f00aebe72c89313d09fbc4b632b949b2470c5cb3b1cb73863901ae84d9335b567a79ec5efcfb8a28ff8e3f36bc8748a9686756b6d5681f40
  languageName: node
  linkType: hard

"@types/connect@npm:*":
  version: 3.4.35
  resolution: "@types/connect@npm:3.4.35"
  dependencies:
    "@types/node": "*"
  checksum: fe81351470f2d3165e8b12ce33542eef89ea893e36dd62e8f7d72566dfb7e448376ae962f9f3ea888547ce8b55a40020ca0e01d637fab5d99567673084542641
  languageName: node
  linkType: hard

"@types/content-disposition@npm:*":
  version: 0.5.5
  resolution: "@types/content-disposition@npm:0.5.5"
  checksum: fdf7379db1d509990bcf9a21d85f05aad878596f28b1418f9179f6436cb22513262c670ce88c6055054a7f5804a9303eeacb70aa59a5e11ffdc1434559db9692
  languageName: node
  linkType: hard

"@types/cookie@npm:^0.5.1":
  version: 0.5.1
  resolution: "@types/cookie@npm:0.5.1"
  checksum: 9a8d60fc84797122bc399d6bd330fe5780dc7aab032321de705049ea925339f74658bfa418de483a625d51858770efef58df633ff2e20f1bdf7fbd74a52847e2
  languageName: node
  linkType: hard

"@types/cookies@npm:*":
  version: 0.7.7
  resolution: "@types/cookies@npm:0.7.7"
  dependencies:
    "@types/connect": "*"
    "@types/express": "*"
    "@types/keygrip": "*"
    "@types/node": "*"
  checksum: d3759efc1182cb0651808570ae13638677b67b0ea724eef7b174e58ffe6ea044b62c7c2715e532f76f88fce4dd8101ed32ac6fbb73226db654017924e8a2a1e6
  languageName: node
  linkType: hard

"@types/express-serve-static-core@npm:^4.17.18":
  version: 4.17.31
  resolution: "@types/express-serve-static-core@npm:4.17.31"
  dependencies:
    "@types/node": "*"
    "@types/qs": "*"
    "@types/range-parser": "*"
  checksum: 009bfbe1070837454a1056aa710d0390ee5fb8c05dfe5a1691cc3e2ca88dc256f80e1ca27cb51a978681631d2f6431bfc9ec352ea46dd0c6eb183d0170bde5df
  languageName: node
  linkType: hard

"@types/express@npm:*, @types/express@npm:^4.17.13":
  version: 4.17.14
  resolution: "@types/express@npm:4.17.14"
  dependencies:
    "@types/body-parser": "*"
    "@types/express-serve-static-core": ^4.17.18
    "@types/qs": "*"
    "@types/serve-static": "*"
  checksum: 15c1af46d02de834e4a225eccaa9d85c0370fdbb3ed4e1bc2d323d24872309961542b993ae236335aeb3e278630224a6ea002078d39e651d78a3b0356b1eaa79
  languageName: node
  linkType: hard

"@types/http-assert@npm:*":
  version: 1.5.3
  resolution: "@types/http-assert@npm:1.5.3"
  checksum: 9553e5a0b8bcfdac4b51d3fa3b89a91b5450171861a667a5b4c47204e0f4a1ca865d97396e6ceaf220e87b64d06b7a8bad7bfba15ef97acb41a87507c9940dbc
  languageName: node
  linkType: hard

"@types/http-errors@npm:*":
  version: 2.0.1
  resolution: "@types/http-errors@npm:2.0.1"
  checksum: 3bb0c50b0a652e679a84c30cd0340d696c32ef6558518268c238840346c077f899315daaf1c26c09c57ddd5dc80510f2a7f46acd52bf949e339e35ed3ee9654f
  languageName: node
  linkType: hard

"@types/keygrip@npm:*":
  version: 1.0.2
  resolution: "@types/keygrip@npm:1.0.2"
  checksum: 60bc2738a4f107070ee3d96f44709cb38f3a96c7ccabab09f56c1b2b4d85f869fd8fb9f1f2937e863d0e9e781f005c2223b823bf32b859185b4f52370c352669
  languageName: node
  linkType: hard

"@types/koa-compose@npm:*":
  version: 3.2.5
  resolution: "@types/koa-compose@npm:3.2.5"
  dependencies:
    "@types/koa": "*"
  checksum: 5d1147c4b057eb158195f442f0384f06503f3e69dba99fb517b30a05261a9f92928945c12bb1cfc17a5b7d60db003f38b455a3a9b125f12e4fc81fffa396b3cf
  languageName: node
  linkType: hard

"@types/koa@npm:*, @types/koa@npm:^2.13.5":
  version: 2.13.5
  resolution: "@types/koa@npm:2.13.5"
  dependencies:
    "@types/accepts": "*"
    "@types/content-disposition": "*"
    "@types/cookies": "*"
    "@types/http-assert": "*"
    "@types/http-errors": "*"
    "@types/keygrip": "*"
    "@types/koa-compose": "*"
    "@types/node": "*"
  checksum: e3b634d934b79ce8f394bf4130511596081f9c073dbfb4309aa32e4c421c47049a002b65111f8d9687eabec55d5a27b1b9ae0699afa83894cb7032c3536bfa17
  languageName: node
  linkType: hard

"@types/mime@npm:*":
  version: 3.0.1
  resolution: "@types/mime@npm:3.0.1"
  checksum: 4040fac73fd0cea2460e29b348c1a6173da747f3a87da0dbce80dd7a9355a3d0e51d6d9a401654f3e5550620e3718b5a899b2ec1debf18424e298a2c605346e7
  languageName: node
  linkType: hard

"@types/node@npm:*":
  version: 18.11.10
  resolution: "@types/node@npm:18.11.10"
  checksum: 0f60cb090b2ee91fcd3dc4311bc1ed7889b92f14644c0069f100776f86474c12eebbcc6c75bc0d7d96b975a103b4d5d6b3c22b4e88bea6e7f4e2b1bb0daf5ea8
  languageName: node
  linkType: hard

"@types/node@npm:^17.0.41":
  version: 17.0.45
  resolution: "@types/node@npm:17.0.45"
  checksum: aa04366b9103b7d6cfd6b2ef64182e0eaa7d4462c3f817618486ea0422984c51fc69fd0d436eae6c9e696ddfdbec9ccaa27a917f7c2e8c75c5d57827fe3d95e8
  languageName: node
  linkType: hard

"@types/qs@npm:*":
  version: 6.9.7
  resolution: "@types/qs@npm:6.9.7"
  checksum: 7fd6f9c25053e9b5bb6bc9f9f76c1d89e6c04f7707a7ba0e44cc01f17ef5284adb82f230f542c2d5557d69407c9a40f0f3515e8319afd14e1e16b5543ac6cdba
  languageName: node
  linkType: hard

"@types/range-parser@npm:*":
  version: 1.2.4
  resolution: "@types/range-parser@npm:1.2.4"
  checksum: b7c0dfd5080a989d6c8bb0b6750fc0933d9acabeb476da6fe71d8bdf1ab65e37c136169d84148034802f48378ab94e3c37bb4ef7656b2bec2cb9c0f8d4146a95
  languageName: node
  linkType: hard

"@types/serve-static@npm:*":
  version: 1.15.0
  resolution: "@types/serve-static@npm:1.15.0"
  dependencies:
    "@types/mime": "*"
    "@types/node": "*"
  checksum: b6ac93d471fb0f53ddcac1f9b67572a09cd62806f7db5855244b28f6f421139626f24799392566e97d1ffc61b12f9de7f30380c39fcae3c8a161fe161d44edf2
  languageName: node
  linkType: hard

"@types/uuid@npm:^8.3.4":
  version: 8.3.4
  resolution: "@types/uuid@npm:8.3.4"
  checksum: 6f11f3ff70f30210edaa8071422d405e9c1d4e53abbe50fdce365150d3c698fe7bbff65c1e71ae080cbfb8fded860dbb5e174da96fdbbdfcaa3fb3daa474d20f
  languageName: node
  linkType: hard

"@types/ws@npm:^8.5.3":
  version: 8.5.3
  resolution: "@types/ws@npm:8.5.3"
  dependencies:
    "@types/node": "*"
  checksum: 0ce46f850d41383fcdc2149bcacc86d7232fa7a233f903d2246dff86e31701a02f8566f40af5f8b56d1834779255c04ec6ec78660fe0f9b2a69cf3d71937e4ae
  languageName: node
  linkType: hard

"asn1js@npm:^3.0.1, asn1js@npm:^3.0.5":
  version: 3.0.5
  resolution: "asn1js@npm:3.0.5"
  dependencies:
    pvtsutils: ^1.3.2
    pvutils: ^1.1.3
    tslib: ^2.4.0
  checksum: 3b6af1bbadd5762ef8ead5daf2f6bda1bc9e23bc825c4dcc996aa1f9521ad7390a64028565d95d98090d69c8431f004c71cccb866004759169d7c203cf9075eb
  languageName: node
  linkType: hard

"bad-words@npm:^3.0.4":
  version: 3.0.4
  resolution: "bad-words@npm:3.0.4"
  dependencies:
    badwords-list: ^1.0.0
  checksum: 49595ab6ce5012b2dd5c4237839e450e4bbd349fccc7c66f11f06a1ab91cddfaa65e9855b63536297be6e0a22e3868b26b6012659a2cea0968f3caebf026bc9d
  languageName: node
  linkType: hard

"badwords-list@npm:^1.0.0":
  version: 1.0.0
  resolution: "badwords-list@npm:1.0.0"
  checksum: fa7a4fbf3428aa15a86c303e0dd794cb9acda521e28c9eb83875f000b63f7940127c9d26368defe550a261ea546d5e8baeba2eaf5eebaf14f3c0774f69738ac8
  languageName: node
  linkType: hard

"base64-js@npm:^1.3.1":
  version: 1.5.1
  resolution: "base64-js@npm:1.5.1"
  checksum: 669632eb3745404c2f822a18fc3a0122d2f9a7a13f7fb8b5823ee19d1d2ff9ee5b52c53367176ea4ad093c332fd5ab4bd0ebae5a8e27917a4105a4cfc86b1005
  languageName: node
  linkType: hard

"buffer@npm:^6":
  version: 6.0.3
  resolution: "buffer@npm:6.0.3"
  dependencies:
    base64-js: ^1.3.1
    ieee754: ^1.2.1
  checksum: 5ad23293d9a731e4318e420025800b42bf0d264004c0286c8cc010af7a270c7a0f6522e84f54b9ad65cbd6db20b8badbfd8d2ebf4f80fa03dab093b89e68c3f9
  languageName: node
  linkType: hard

"cookie@npm:^0.5.0":
  version: 0.5.0
  resolution: "cookie@npm:0.5.0"
  checksum: 1f4bd2ca5765f8c9689a7e8954183f5332139eb72b6ff783d8947032ec1fdf43109852c178e21a953a30c0dd42257828185be01b49d1eb1a67fd054ca588a180
  languageName: node
  linkType: hard

"discourse-server@workspace:.":
  version: 0.0.0-use.local
  resolution: "discourse-server@workspace:."
  dependencies:
    "@types/bad-words": ^3.0.1
    "@types/uuid": ^8.3.4
    "@types/ws": ^8.5.3
    bad-words: ^3.0.4
    dotenv: ^16.0.3
    iron-session: ^6.3.1
    typescript: ^4.9.3
    uuid: ^9.0.0
    ws: ^8.11.0
  languageName: unknown
  linkType: soft

"dotenv@npm:^16.0.3":
  version: 16.0.3
  resolution: "dotenv@npm:16.0.3"
  checksum: afcf03f373d7a6d62c7e9afea6328e62851d627a4e73f2e12d0a8deae1cd375892004f3021883f8aec85932cd2834b091f568ced92b4774625b321db83b827f8
  languageName: node
  linkType: hard

"ieee754@npm:^1.2.1":
  version: 1.2.1
  resolution: "ieee754@npm:1.2.1"
  checksum: 5144c0c9815e54ada181d80a0b810221a253562422e7c6c3a60b1901154184f49326ec239d618c416c1c5945a2e197107aee8d986a3dd836b53dffefd99b5e7e
  languageName: node
  linkType: hard

"iron-session@npm:^6.3.1":
  version: 6.3.1
  resolution: "iron-session@npm:6.3.1"
  dependencies:
    "@peculiar/webcrypto": ^1.4.0
    "@types/cookie": ^0.5.1
    "@types/express": ^4.17.13
    "@types/koa": ^2.13.5
    "@types/node": ^17.0.41
    cookie: ^0.5.0
    iron-webcrypto: ^0.2.5
  peerDependencies:
    express: ">=4"
    koa: ">=2"
    next: ">=10"
  peerDependenciesMeta:
    express:
      optional: true
    koa:
      optional: true
    next:
      optional: true
  checksum: 65f534187bd972a5fe6000bd24767e9f9718d7ee3bf071fb352836b553d1c01d83d3e34eb57d111c8275d30e81b741a94a38fb2a4104c8480018391016656636
  languageName: node
  linkType: hard

"iron-webcrypto@npm:^0.2.5":
  version: 0.2.6
  resolution: "iron-webcrypto@npm:0.2.6"
  dependencies:
    buffer: ^6
  checksum: 8b32e4f494976ce3e44718df1f03ffd2e0168fbb79910797d1caca5899f55e854c1f3fd0baf8580fc1eba4d693b3228de85363bb38dd8d9a9721db19f83d1e7c
  languageName: node
  linkType: hard

"pvtsutils@npm:^1.3.2":
  version: 1.3.2
  resolution: "pvtsutils@npm:1.3.2"
  dependencies:
    tslib: ^2.4.0
  checksum: 9b8155611363e2f40276879f2454e60204b45be0cd0482f9373f369308a2e9c76d5d74cdf661a3f5aae8022d75ea159eb0ba38ee78fc782ee3051e4722db98d0
  languageName: node
  linkType: hard

"pvutils@npm:^1.1.3":
  version: 1.1.3
  resolution: "pvutils@npm:1.1.3"
  checksum: 2ee26a9e5176c348977d6ec00d8ee80bff62f51743b1c5fe8abeeb4c5d29d9959cdfe0ce146707a9e6801bce88190fed3002d720b072dc87d031c692820b44c9
  languageName: node
  linkType: hard

"tslib@npm:^2.0.0, tslib@npm:^2.4.0, tslib@npm:^2.4.1":
  version: 2.4.1
  resolution: "tslib@npm:2.4.1"
  checksum: 19480d6e0313292bd6505d4efe096a6b31c70e21cf08b5febf4da62e95c265c8f571f7b36fcc3d1a17e068032f59c269fab3459d6cd3ed6949eafecf64315fca
  languageName: node
  linkType: hard

"typescript@npm:^4.9.3":
  version: 4.9.3
  resolution: "typescript@npm:4.9.3"
  bin:
    tsc: bin/tsc
    tsserver: bin/tsserver
  checksum: 17b8f816050b412403e38d48eef0e893deb6be522d6dc7caf105e54a72e34daf6835c447735fd2b28b66784e72bfbf87f627abb4818a8e43d1fa8106396128dc
  languageName: node
  linkType: hard

"typescript@patch:typescript@^4.9.3#~builtin<compat/typescript>":
  version: 4.9.3
  resolution: "typescript@patch:typescript@npm%3A4.9.3#~builtin<compat/typescript>::version=4.9.3&hash=d73830"
  bin:
    tsc: bin/tsc
    tsserver: bin/tsserver
  checksum: 67ca21a387c0572f1c04936e638dde7782c5aa520c3754aadc7cc9b7c915da9ebc3e27c601bfff4ccb7d7264e82dce6d277ada82ec09dc75024349e0ef64926d
  languageName: node
  linkType: hard

"uuid@npm:^9.0.0":
  version: 9.0.0
  resolution: "uuid@npm:9.0.0"
  bin:
    uuid: dist/bin/uuid
  checksum: 8dd2c83c43ddc7e1c71e36b60aea40030a6505139af6bee0f382ebcd1a56f6cd3028f7f06ffb07f8cf6ced320b76aea275284b224b002b289f89fe89c389b028
  languageName: node
  linkType: hard

"webcrypto-core@npm:^1.7.4":
  version: 1.7.5
  resolution: "webcrypto-core@npm:1.7.5"
  dependencies:
    "@peculiar/asn1-schema": ^2.1.6
    "@peculiar/json-schema": ^1.1.12
    asn1js: ^3.0.1
    pvtsutils: ^1.3.2
    tslib: ^2.4.0
  checksum: f6e529ca5c1175b8ccead3547f60efa7a1f8e247aaeab3bd4f096eb9fda11cfc8e6b6fb574bbc5696f608958c491a27e9682c89204412f73fb430e5fcbe9ebac
  languageName: node
  linkType: hard

"ws@npm:^8.11.0":
  version: 8.11.0
  resolution: "ws@npm:8.11.0"
  peerDependencies:
    bufferutil: ^4.0.1
    utf-8-validate: ^5.0.2
  peerDependenciesMeta:
    bufferutil:
      optional: true
    utf-8-validate:
      optional: true
  checksum: 316b33aba32f317cd217df66dbfc5b281a2f09ff36815de222bc859e3424d83766d9eb2bd4d667de658b6ab7be151f258318fb1da812416b30be13103e5b5c67
  languageName: node
  linkType: hard
