# THIS IS AN AUTOGENERATED FILE. DO NOT EDIT THIS FILE DIRECTLY.
# yarn lockfile v1


"@peculiar/asn1-schema@^2.1.6", "@peculiar/asn1-schema@^2.3.0":
  version "2.3.3"
  resolved "https://registry.yarnpkg.com/@peculiar/asn1-schema/-/asn1-schema-2.3.3.tgz#21418e1f3819e0b353ceff0c2dad8ccb61acd777"
  integrity sha512-6GptMYDMyWBHTUKndHaDsRZUO/XMSgIns2krxcm2L7SEExRHwawFvSwNBhqNPR9HJwv3MruAiF1bhN0we6j6GQ==
  dependencies:
    asn1js "^3.0.5"
    pvtsutils "^1.3.2"
    tslib "^2.4.0"

"@peculiar/json-schema@^1.1.12":
  version "1.1.12"
  resolved "https://registry.yarnpkg.com/@peculiar/json-schema/-/json-schema-1.1.12.tgz#fe61e85259e3b5ba5ad566cb62ca75b3d3cd5339"
  integrity sha512-coUfuoMeIB7B8/NMekxaDzLhaYmp0HZNPEjYRm9goRou8UZIC3z21s0sL9AWoCw4EG876QyO3kYrc61WNF9B/w==
  dependencies:
    tslib "^2.0.0"

"@peculiar/webcrypto@^1.4.0":
  version "1.4.1"
  resolved "https://registry.yarnpkg.com/@peculiar/webcrypto/-/webcrypto-1.4.1.tgz#821493bd5ad0f05939bd5f53b28536f68158360a"
  integrity sha512-eK4C6WTNYxoI7JOabMoZICiyqRRtJB220bh0Mbj5RwRycleZf9BPyZoxsTvpP0FpmVS2aS13NKOuh5/tN3sIRw==
  dependencies:
    "@peculiar/asn1-schema" "^2.3.0"
    "@peculiar/json-schema" "^1.1.12"
    pvtsutils "^1.3.2"
    tslib "^2.4.1"
    webcrypto-core "^1.7.4"

"@types/accepts@*":
  version "1.3.5"
  resolved "https://registry.yarnpkg.com/@types/accepts/-/accepts-1.3.5.tgz#c34bec115cfc746e04fe5a059df4ce7e7b391575"
  integrity sha512-jOdnI/3qTpHABjM5cx1Hc0sKsPoYCp+DP/GJRGtDlPd7fiV9oXGGIcjW/ZOxLIvjGz8MA+uMZI9metHlgqbgwQ==
  dependencies:
    "@types/node" "*"

"@types/bad-words@^3.0.1":
  version "3.0.1"
  resolved "https://registry.yarnpkg.com/@types/bad-words/-/bad-words-3.0.1.tgz#6a20fb08814af5e1f2428fa9e0098ca7b36f730a"
  integrity sha512-7la3ZDJG1tlRqySO+pnXycZpacaMEw/iLEm8kc4l+I+jN8KjBfoQVwO6jm98xzXVLrxV8vDrB5TaMoop8sKclQ==

"@types/body-parser@*":
  version "1.19.2"
  resolved "https://registry.yarnpkg.com/@types/body-parser/-/body-parser-1.19.2.tgz#aea2059e28b7658639081347ac4fab3de166e6f0"
  integrity sha512-ALYone6pm6QmwZoAgeyNksccT9Q4AWZQ6PvfwR37GT6r6FWUPguq6sUmNGSMV2Wr761oQoBxwGGa6DR5o1DC9g==
  dependencies:
    "@types/connect" "*"
    "@types/node" "*"

"@types/connect@*":
  version "3.4.35"
  resolved "https://registry.yarnpkg.com/@types/connect/-/connect-3.4.35.tgz#5fcf6ae445e4021d1fc2219a4873cc73a3bb2ad1"
  integrity sha512-cdeYyv4KWoEgpBISTxWvqYsVy444DOqehiF3fM3ne10AmJ62RSyNkUnxMJXHQWRQQX2eR94m5y1IZyDwBjV9FQ==
  dependencies:
    "@types/node" "*"

"@types/content-disposition@*":
  version "0.5.5"
  resolved "https://registry.yarnpkg.com/@types/content-disposition/-/content-disposition-0.5.5.tgz#650820e95de346e1f84e30667d168c8fd25aa6e3"
  integrity sha512-v6LCdKfK6BwcqMo+wYW05rLS12S0ZO0Fl4w1h4aaZMD7bqT3gVUns6FvLJKGZHQmYn3SX55JWGpziwJRwVgutA==

"@types/cookie@^0.5.1":
  version "0.5.1"
  resolved "https://registry.yarnpkg.com/@types/cookie/-/cookie-0.5.1.tgz#b29aa1f91a59f35e29ff8f7cb24faf1a3a750554"
  integrity sha512-COUnqfB2+ckwXXSFInsFdOAWQzCCx+a5hq2ruyj+Vjund94RJQd4LG2u9hnvJrTgunKAaax7ancBYlDrNYxA0g==

"@types/cookies@*":
  version "0.7.7"
  resolved "https://registry.yarnpkg.com/@types/cookies/-/cookies-0.7.7.tgz#7a92453d1d16389c05a5301eef566f34946cfd81"
  integrity sha512-h7BcvPUogWbKCzBR2lY4oqaZbO3jXZksexYJVFvkrFeLgbZjQkU4x8pRq6eg2MHXQhY0McQdqmmsxRWlVAHooA==
  dependencies:
    "@types/connect" "*"
    "@types/express" "*"
    "@types/keygrip" "*"
    "@types/node" "*"

"@types/express-serve-static-core@^4.17.18":
  version "4.17.31"
  resolved "https://registry.yarnpkg.com/@types/express-serve-static-core/-/express-serve-static-core-4.17.31.tgz#a1139efeab4e7323834bb0226e62ac019f474b2f"
  integrity sha512-DxMhY+NAsTwMMFHBTtJFNp5qiHKJ7TeqOo23zVEM9alT1Ml27Q3xcTH0xwxn7Q0BbMcVEJOs/7aQtUWupUQN3Q==
  dependencies:
    "@types/node" "*"
    "@types/qs" "*"
    "@types/range-parser" "*"

"@types/express@*", "@types/express@^4.17.13":
  version "4.17.14"
  resolved "https://registry.yarnpkg.com/@types/express/-/express-4.17.14.tgz#143ea0557249bc1b3b54f15db4c81c3d4eb3569c"
  integrity sha512-TEbt+vaPFQ+xpxFLFssxUDXj5cWCxZJjIcB7Yg0k0GMHGtgtQgpvx/MUQUeAkNbA9AAGrwkAsoeItdTgS7FMyg==
  dependencies:
    "@types/body-parser" "*"
    "@types/express-serve-static-core" "^4.17.18"
    "@types/qs" "*"
    "@types/serve-static" "*"

"@types/http-assert@*":
  version "1.5.3"
  resolved "https://registry.yarnpkg.com/@types/http-assert/-/http-assert-1.5.3.tgz#ef8e3d1a8d46c387f04ab0f2e8ab8cb0c5078661"
  integrity sha512-FyAOrDuQmBi8/or3ns4rwPno7/9tJTijVW6aQQjK02+kOQ8zmoNg2XJtAuQhvQcy1ASJq38wirX5//9J1EqoUA==

"@types/http-errors@*":
  version "2.0.1"
  resolved "https://registry.yarnpkg.com/@types/http-errors/-/http-errors-2.0.1.tgz#20172f9578b225f6c7da63446f56d4ce108d5a65"
  integrity sha512-/K3ds8TRAfBvi5vfjuz8y6+GiAYBZ0x4tXv1Av6CWBWn0IlADc+ZX9pMq7oU0fNQPnBwIZl3rmeLp6SBApbxSQ==

"@types/keygrip@*":
  version "1.0.2"
  resolved "https://registry.yarnpkg.com/@types/keygrip/-/keygrip-1.0.2.tgz#513abfd256d7ad0bf1ee1873606317b33b1b2a72"
  integrity sha512-GJhpTepz2udxGexqos8wgaBx4I/zWIDPh/KOGEwAqtuGDkOUJu5eFvwmdBX4AmB8Odsr+9pHCQqiAqDL/yKMKw==

"@types/koa-compose@*":
  version "3.2.5"
  resolved "https://registry.yarnpkg.com/@types/koa-compose/-/koa-compose-3.2.5.tgz#85eb2e80ac50be95f37ccf8c407c09bbe3468e9d"
  integrity sha512-B8nG/OoE1ORZqCkBVsup/AKcvjdgoHnfi4pZMn5UwAPCbhk/96xyv284eBYW8JlQbQ7zDmnpFr68I/40mFoIBQ==
  dependencies:
    "@types/koa" "*"

"@types/koa@*", "@types/koa@^2.13.5":
  version "2.13.5"
  resolved "https://registry.yarnpkg.com/@types/koa/-/koa-2.13.5.tgz#64b3ca4d54e08c0062e89ec666c9f45443b21a61"
  integrity sha512-HSUOdzKz3by4fnqagwthW/1w/yJspTgppyyalPVbgZf8jQWvdIXcVW5h2DGtw4zYntOaeRGx49r1hxoPWrD4aA==
  dependencies:
    "@types/accepts" "*"
    "@types/content-disposition" "*"
    "@types/cookies" "*"
    "@types/http-assert" "*"
    "@types/http-errors" "*"
    "@types/keygrip" "*"
    "@types/koa-compose" "*"
    "@types/node" "*"

"@types/mime@*":
  version "3.0.1"
  resolved "https://registry.yarnpkg.com/@types/mime/-/mime-3.0.1.tgz#5f8f2bca0a5863cb69bc0b0acd88c96cb1d4ae10"
  integrity sha512-Y4XFY5VJAuw0FgAqPNd6NNoV44jbq9Bz2L7Rh/J6jLTiHBSBJa9fxqQIvkIld4GsoDOcCbvzOUAbLPsSKKg+uA==

"@types/node@*":
  version "18.11.9"
  resolved "https://registry.yarnpkg.com/@types/node/-/node-18.11.9.tgz#02d013de7058cea16d36168ef2fc653464cfbad4"
  integrity sha512-CRpX21/kGdzjOpFsZSkcrXMGIBWMGNIHXXBVFSH+ggkftxg+XYP20TESbh+zFvFj3EQOl5byk0HTRn1IL6hbqg==

"@types/node@^17.0.41":
  version "17.0.45"
  resolved "https://registry.yarnpkg.com/@types/node/-/node-17.0.45.tgz#2c0fafd78705e7a18b7906b5201a522719dc5190"
  integrity sha512-w+tIMs3rq2afQdsPJlODhoUEKzFP1ayaoyl1CcnwtIlsVe7K7bA1NGm4s3PraqTLlXnbIN84zuBlxBWo1u9BLw==

"@types/qs@*":
  version "6.9.7"
  resolved "https://registry.yarnpkg.com/@types/qs/-/qs-6.9.7.tgz#63bb7d067db107cc1e457c303bc25d511febf6cb"
  integrity sha512-FGa1F62FT09qcrueBA6qYTrJPVDzah9a+493+o2PCXsesWHIn27G98TsSMs3WPNbZIEj4+VJf6saSFpvD+3Zsw==

"@types/range-parser@*":
  version "1.2.4"
  resolved "https://registry.yarnpkg.com/@types/range-parser/-/range-parser-1.2.4.tgz#cd667bcfdd025213aafb7ca5915a932590acdcdc"
  integrity sha512-EEhsLsD6UsDM1yFhAvy0Cjr6VwmpMWqFBCb9w07wVugF7w9nfajxLuVmngTIpgS6svCnm6Vaw+MZhoDCKnOfsw==

"@types/serve-static@*":
  version "1.15.0"
  resolved "https://registry.yarnpkg.com/@types/serve-static/-/serve-static-1.15.0.tgz#c7930ff61afb334e121a9da780aac0d9b8f34155"
  integrity sha512-z5xyF6uh8CbjAu9760KDKsH2FcDxZ2tFCsA4HIMWE6IkiYMXfVoa+4f9KX+FN0ZLsaMw1WNG2ETLA6N+/YA+cg==
  dependencies:
    "@types/mime" "*"
    "@types/node" "*"

"@types/uuid@^8.3.4":
  version "8.3.4"
  resolved "https://registry.yarnpkg.com/@types/uuid/-/uuid-8.3.4.tgz#bd86a43617df0594787d38b735f55c805becf1bc"
  integrity sha512-c/I8ZRb51j+pYGAu5CrFMRxqZ2ke4y2grEBO5AUjgSkSk+qT2Ea+OdWElz/OiMf5MNpn2b17kuVBwZLQJXzihw==

"@types/ws@^8.5.3":
  version "8.5.3"
  resolved "https://registry.yarnpkg.com/@types/ws/-/ws-8.5.3.tgz#7d25a1ffbecd3c4f2d35068d0b283c037003274d"
  integrity sha512-6YOoWjruKj1uLf3INHH7D3qTXwFfEsg1kf3c0uDdSBJwfa/llkwIjrAGV7j7mVgGNbzTQ3HiHKKDXl6bJPD97w==
  dependencies:
    "@types/node" "*"

asn1js@^3.0.1, asn1js@^3.0.5:
  version "3.0.5"
  resolved "https://registry.yarnpkg.com/asn1js/-/asn1js-3.0.5.tgz#5ea36820443dbefb51cc7f88a2ebb5b462114f38"
  integrity sha512-FVnvrKJwpt9LP2lAMl8qZswRNm3T4q9CON+bxldk2iwk3FFpuwhx2FfinyitizWHsVYyaY+y5JzDR0rCMV5yTQ==
  dependencies:
    pvtsutils "^1.3.2"
    pvutils "^1.1.3"
    tslib "^2.4.0"

bad-words@^3.0.4:
  version "3.0.4"
  resolved "https://registry.yarnpkg.com/bad-words/-/bad-words-3.0.4.tgz#044c83935c4c363a905d47b5e0179f7241fecaec"
  integrity sha512-v/Q9uRPH4+yzDVLL4vR1+S9KoFgOEUl5s4axd6NIAq8SV2mradgi4E8lma/Y0cw1ltVdvyegCQQKffCPRCp8fg==
  dependencies:
    badwords-list "^1.0.0"

badwords-list@^1.0.0:
  version "1.0.0"
  resolved "https://registry.yarnpkg.com/badwords-list/-/badwords-list-1.0.0.tgz#5e9856dbf13482a295c3b0b304afb9d4cfc5c579"
  integrity sha512-oWhaSG67e+HQj3OGHQt2ucP+vAPm1wTbdp2aDHeuh4xlGXBdWwzZ//pfu6swf5gZ8iX0b7JgmSo8BhgybbqszA==

base64-js@^1.3.1:
  version "1.5.1"
  resolved "https://registry.yarnpkg.com/base64-js/-/base64-js-1.5.1.tgz#1b1b440160a5bf7ad40b650f095963481903930a"
  integrity sha512-AKpaYlHn8t4SVbOHCy+b5+KKgvR4vrsD8vbvrbiQJps7fKDTkjkDry6ji0rUJjC0kzbNePLwzxq8iypo41qeWA==

buffer@^6:
  version "6.0.3"
  resolved "https://registry.yarnpkg.com/buffer/-/buffer-6.0.3.tgz#2ace578459cc8fbe2a70aaa8f52ee63b6a74c6c6"
  integrity sha512-FTiCpNxtwiZZHEZbcbTIcZjERVICn9yq/pDFkTl95/AxzD1naBctN7YO68riM/gLSDY7sdrMby8hofADYuuqOA==
  dependencies:
    base64-js "^1.3.1"
    ieee754 "^1.2.1"

cookie@^0.5.0:
  version "0.5.0"
  resolved "https://registry.yarnpkg.com/cookie/-/cookie-0.5.0.tgz#d1f5d71adec6558c58f389987c366aa47e994f8b"
  integrity sha512-YZ3GUyn/o8gfKJlnlX7g7xq4gyO6OSuhGPKaaGssGB2qgDUS0gPgtTvoyZLTt9Ab6dC4hfc9dV5arkvc/OCmrw==

dotenv@^16.0.3:
  version "16.0.3"
  resolved "https://registry.yarnpkg.com/dotenv/-/dotenv-16.0.3.tgz#115aec42bac5053db3c456db30cc243a5a836a07"
  integrity sha512-7GO6HghkA5fYG9TYnNxi14/7K9f5occMlp3zXAuSxn7CKCxt9xbNWG7yF8hTCSUchlfWSe3uLmlPfigevRItzQ==

ieee754@^1.2.1:
  version "1.2.1"
  resolved "https://registry.yarnpkg.com/ieee754/-/ieee754-1.2.1.tgz#8eb7a10a63fff25d15a57b001586d177d1b0d352"
  integrity sha512-dcyqhDvX1C46lXZcVqCpK+FtMRQVdIMN6/Df5js2zouUsqG7I6sFxitIC+7KYK29KdXOLHdu9zL4sFnoVQnqaA==

iron-session@^6.3.1:
  version "6.3.1"
  resolved "https://registry.yarnpkg.com/iron-session/-/iron-session-6.3.1.tgz#9c8b331acc0f9561dd0f942b089e8197576a03de"
  integrity sha512-3UJ7y2vk/WomAtEySmPgM6qtYF1cZ3tXuWX5GsVX4PJXAcs5y/sV9HuSfpjKS6HkTL/OhZcTDWJNLZ7w+Erx3A==
  dependencies:
    "@peculiar/webcrypto" "^1.4.0"
    "@types/cookie" "^0.5.1"
    "@types/express" "^4.17.13"
    "@types/koa" "^2.13.5"
    "@types/node" "^17.0.41"
    cookie "^0.5.0"
    iron-webcrypto "^0.2.5"

iron-webcrypto@^0.2.5:
  version "0.2.6"
  resolved "https://registry.yarnpkg.com/iron-webcrypto/-/iron-webcrypto-0.2.6.tgz#9ad9ce24bd7cb2963f6b7ea09722f095b9cbcb69"
  integrity sha512-X6+cdfjfsZKTSbeZtd6PymbeSaVtGYhj6dc4u4V5EqdhjW46P1JuL2l/VQtJFBZvs79l5D7G6vu9tSmxc+uxRg==
  dependencies:
    buffer "^6"

pvtsutils@^1.3.2:
  version "1.3.2"
  resolved "https://registry.yarnpkg.com/pvtsutils/-/pvtsutils-1.3.2.tgz#9f8570d132cdd3c27ab7d51a2799239bf8d8d5de"
  integrity sha512-+Ipe2iNUyrZz+8K/2IOo+kKikdtfhRKzNpQbruF2URmqPtoqAs8g3xS7TJvFF2GcPXjh7DkqMnpVveRFq4PgEQ==
  dependencies:
    tslib "^2.4.0"

pvutils@^1.1.3:
  version "1.1.3"
  resolved "https://registry.yarnpkg.com/pvutils/-/pvutils-1.1.3.tgz#f35fc1d27e7cd3dfbd39c0826d173e806a03f5a3"
  integrity sha512-pMpnA0qRdFp32b1sJl1wOJNxZLQ2cbQx+k6tjNtZ8CpvVhNqEPRgivZ2WOUev2YMajecdH7ctUPDvEe87nariQ==

tslib@^2.0.0, tslib@^2.4.0, tslib@^2.4.1:
  version "2.4.1"
  resolved "https://registry.yarnpkg.com/tslib/-/tslib-2.4.1.tgz#0d0bfbaac2880b91e22df0768e55be9753a5b17e"
  integrity sha512-tGyy4dAjRIEwI7BzsB0lynWgOpfqjUdq91XXAlIWD2OwKBH7oCl/GZG/HT4BOHrTlPMOASlMQ7veyTqpmRcrNA==

typescript@^4.9.3:
  version "4.9.3"
  resolved "https://registry.yarnpkg.com/typescript/-/typescript-4.9.3.tgz#3aea307c1746b8c384435d8ac36b8a2e580d85db"
  integrity sha512-CIfGzTelbKNEnLpLdGFgdyKhG23CKdKgQPOBc+OUNrkJ2vr+KSzsSV5kq5iWhEQbok+quxgGzrAtGWCyU7tHnA==

uuid@^9.0.0:
  version "9.0.0"
  resolved "https://registry.yarnpkg.com/uuid/-/uuid-9.0.0.tgz#592f550650024a38ceb0c562f2f6aa435761efb5"
  integrity sha512-MXcSTerfPa4uqyzStbRoTgt5XIe3x5+42+q1sDuy3R5MDk66URdLMOZe5aPX/SQd+kuYAh0FdP/pO28IkQyTeg==

webcrypto-core@^1.7.4:
  version "1.7.5"
  resolved "https://registry.yarnpkg.com/webcrypto-core/-/webcrypto-core-1.7.5.tgz#c02104c953ca7107557f9c165d194c6316587ca4"
  integrity sha512-gaExY2/3EHQlRNNNVSrbG2Cg94Rutl7fAaKILS1w8ZDhGxdFOaw6EbCfHIxPy9vt/xwp5o0VQAx9aySPF6hU1A==
  dependencies:
    "@peculiar/asn1-schema" "^2.1.6"
    "@peculiar/json-schema" "^1.1.12"
    asn1js "^3.0.1"
    pvtsutils "^1.3.2"
    tslib "^2.4.0"

ws@^8.11.0:
  version "8.11.0"
  resolved "https://registry.yarnpkg.com/ws/-/ws-8.11.0.tgz#6a0d36b8edfd9f96d8b25683db2f8d7de6e8e143"
  integrity sha512-HPG3wQd9sNQoT9xHyNCXoDUa+Xw/VevmY9FoHyQ+g+rrMn4j6FB4np7Z0OhdTgjx6MgQLK7jwSy1YecU1+4Asg==
